// !$*UTF8*$!
{
	archiveVersion = 1;
	classes = {
	};
	objectVersion = 55;
	objects = {

/* Begin PBXBuildFile section */
		EB7D09192803459400F6630D /* NSNotificationName.swift in Sources */ = {isa = PBXBuildFile; fileRef = EB7D09182803459400F6630D /* NSNotificationName.swift */; };
		EB7D091B280348BB00F6630D /* UITextField+SecureToggle.swift in Sources */ = {isa = PBXBuildFile; fileRef = EB7D091A280348BB00F6630D /* UITextField+SecureToggle.swift */; };
		EB9574D02808BBA900AAF2DE /* ProfileManager.swift in Sources */ = {isa = PBXBuildFile; fileRef = EB9574CF2808BBA900AAF2DE /* ProfileManager.swift */; };
		EB9574D22808BDE900AAF2DE /* AccountSummaryViewControllerTest.swift in Sources */ = {isa = PBXBuildFile; fileRef = EB9574D12808BDE900AAF2DE /* AccountSummaryViewControllerTest.swift */; };
		EBDAAD12280212550070248F /* AccountSummaryCell.swift in Sources */ = {isa = PBXBuildFile; fileRef = EBDAAD11280212550070248F /* AccountSummaryCell.swift */; };
		EBDAAD142802363E0070248F /* DecimalUtils.swift in Sources */ = {isa = PBXBuildFile; fileRef = EBDAAD132802363E0070248F /* DecimalUtils.swift */; };
		EBDAAD16280237CF0070248F /* CurrencyFormatter.swift in Sources */ = {isa = PBXBuildFile; fileRef = EBDAAD15280237CE0070248F /* CurrencyFormatter.swift */; };
		EBDB1BFB27FF8A3E006616B4 /* DummyViewController.swift in Sources */ = {isa = PBXBuildFile; fileRef = EBDB1BFA27FF8A3E006616B4 /* DummyViewController.swift */; };
		EBDB1BFE27FFFEBE006616B4 /* LocalState.swift in Sources */ = {isa = PBXBuildFile; fileRef = EBDB1BFD27FFFEBE006616B4 /* LocalState.swift */; };
		EBDB1C002800D171006616B4 /* MainViewController.swift in Sources */ = {isa = PBXBuildFile; fileRef = EBDB1BFF2800D171006616B4 /* MainViewController.swift */; };
		EBDB1C022800DB0C006616B4 /* UIViewController+Utils.swift in Sources */ = {isa = PBXBuildFile; fileRef = EBDB1C012800DB0C006616B4 /* UIViewController+Utils.swift */; };
		EBDB1C052801860F006616B4 /* AccountSummaryViewController.swift in Sources */ = {isa = PBXBuildFile; fileRef = EBDB1C042801860F006616B4 /* AccountSummaryViewController.swift */; };
		EBDB1C0728018F56006616B4 /* AccountSummaryHeaderView.swift in Sources */ = {isa = PBXBuildFile; fileRef = EBDB1C0628018F55006616B4 /* AccountSummaryHeaderView.swift */; };
		EBDB1C0928018F9D006616B4 /* AccountSummaryHeaderView.xib in Resources */ = {isa = PBXBuildFile; fileRef = EBDB1C0828018F9D006616B4 /* AccountSummaryHeaderView.xib */; };
		EBE7D71128049E0800208E06 /* ShakeyBellView.swift in Sources */ = {isa = PBXBuildFile; fileRef = EBE7D71028049E0800208E06 /* ShakeyBellView.swift */; };
		EBE7D7132804CA1300208E06 /* Date+Utils.swift in Sources */ = {isa = PBXBuildFile; fileRef = EBE7D7122804CA1300208E06 /* Date+Utils.swift */; };
		EBE7D7152805E96500208E06 /* AccountSummaryViewController+Networking.swift in Sources */ = {isa = PBXBuildFile; fileRef = EBE7D7142805E96500208E06 /* AccountSummaryViewController+Networking.swift */; };
		EBE7D719280624C700208E06 /* ProfileTests.swift in Sources */ = {isa = PBXBuildFile; fileRef = EBE7D718280624C700208E06 /* ProfileTests.swift */; };
		EBE7D71B2806256600208E06 /* AccountTests.swift in Sources */ = {isa = PBXBuildFile; fileRef = EBE7D71A2806256600208E06 /* AccountTests.swift */; };
		EBE7D71D28074EF100208E06 /* SkeletonLoadable.swift in Sources */ = {isa = PBXBuildFile; fileRef = EBE7D71C28074EF100208E06 /* SkeletonLoadable.swift */; };
		EBE7D71F2807500F00208E06 /* SkeletonCell.swift in Sources */ = {isa = PBXBuildFile; fileRef = EBE7D71E2807500F00208E06 /* SkeletonCell.swift */; };
		EBE980B627FE17C0002E8B73 /* AppDelegate.swift in Sources */ = {isa = PBXBuildFile; fileRef = EBE980B527FE17C0002E8B73 /* AppDelegate.swift */; };
		EBE980BA27FE17C0002E8B73 /* LoginViewController.swift in Sources */ = {isa = PBXBuildFile; fileRef = EBE980B927FE17C0002E8B73 /* LoginViewController.swift */; };
		EBE980BF27FE17C3002E8B73 /* Assets.xcassets in Resources */ = {isa = PBXBuildFile; fileRef = EBE980BE27FE17C3002E8B73 /* Assets.xcassets */; };
		EBE980C227FE17C3002E8B73 /* LaunchScreen.storyboard in Resources */ = {isa = PBXBuildFile; fileRef = EBE980C027FE17C3002E8B73 /* LaunchScreen.storyboard */; };
		EBE980CC27FE1B65002E8B73 /* LoginView.swift in Sources */ = {isa = PBXBuildFile; fileRef = EBE980CB27FE1B65002E8B73 /* LoginView.swift */; };
		EBE980CF27FEB16D002E8B73 /* OnboardingContainerViewController.swift in Sources */ = {isa = PBXBuildFile; fileRef = EBE980CE27FEB16D002E8B73 /* OnboardingContainerViewController.swift */; };
		EBE980D127FF5594002E8B73 /* OnvoardingViewController.swift in Sources */ = {isa = PBXBuildFile; fileRef = EBE980D027FF5594002E8B73 /* OnvoardingViewController.swift */; };
		EBEA50E72803010600642102 /* CurrencyFormatterTests.swift in Sources */ = {isa = PBXBuildFile; fileRef = EBEA50E62803010600642102 /* CurrencyFormatterTests.swift */; };
/* End PBXBuildFile section */

/* Begin PBXContainerItemProxy section */
		EBEA50E12803005800642102 /* PBXContainerItemProxy */ = {
			isa = PBXContainerItemProxy;
			containerPortal = EBE980AA27FE17C0002E8B73 /* Project object */;
			proxyType = 1;
			remoteGlobalIDString = EBE980B127FE17C0002E8B73;
			remoteInfo = Financier;
		};
/* End PBXContainerItemProxy section */

/* Begin PBXFileReference section */
		EB7D09182803459400F6630D /* NSNotificationName.swift */ = {isa = PBXFileReference; lastKnownFileType = sourcecode.swift; path = NSNotificationName.swift; sourceTree = "<group>"; };
		EB7D091A280348BB00F6630D /* UITextField+SecureToggle.swift */ = {isa = PBXFileReference; lastKnownFileType = sourcecode.swift; path = "UITextField+SecureToggle.swift"; sourceTree = "<group>"; };
		EB9574CF2808BBA900AAF2DE /* ProfileManager.swift */ = {isa = PBXFileReference; lastKnownFileType = sourcecode.swift; path = ProfileManager.swift; sourceTree = "<group>"; };
		EB9574D12808BDE900AAF2DE /* AccountSummaryViewControllerTest.swift */ = {isa = PBXFileReference; lastKnownFileType = sourcecode.swift; path = AccountSummaryViewControllerTest.swift; sourceTree = "<group>"; };
		EBDAAD11280212550070248F /* AccountSummaryCell.swift */ = {isa = PBXFileReference; lastKnownFileType = sourcecode.swift; path = AccountSummaryCell.swift; sourceTree = "<group>"; };
		EBDAAD132802363E0070248F /* DecimalUtils.swift */ = {isa = PBXFileReference; lastKnownFileType = sourcecode.swift; path = DecimalUtils.swift; sourceTree = "<group>"; };
		EBDAAD15280237CE0070248F /* CurrencyFormatter.swift */ = {isa = PBXFileReference; lastKnownFileType = sourcecode.swift; path = CurrencyFormatter.swift; sourceTree = "<group>"; };
		EBDB1BFA27FF8A3E006616B4 /* DummyViewController.swift */ = {isa = PBXFileReference; lastKnownFileType = sourcecode.swift; path = DummyViewController.swift; sourceTree = "<group>"; };
		EBDB1BFD27FFFEBE006616B4 /* LocalState.swift */ = {isa = PBXFileReference; lastKnownFileType = sourcecode.swift; path = LocalState.swift; sourceTree = "<group>"; };
		EBDB1BFF2800D171006616B4 /* MainViewController.swift */ = {isa = PBXFileReference; lastKnownFileType = sourcecode.swift; path = MainViewController.swift; sourceTree = "<group>"; };
		EBDB1C012800DB0C006616B4 /* UIViewController+Utils.swift */ = {isa = PBXFileReference; lastKnownFileType = sourcecode.swift; path = "UIViewController+Utils.swift"; sourceTree = "<group>"; };
		EBDB1C042801860F006616B4 /* AccountSummaryViewController.swift */ = {isa = PBXFileReference; lastKnownFileType = sourcecode.swift; path = AccountSummaryViewController.swift; sourceTree = "<group>"; };
		EBDB1C0628018F55006616B4 /* AccountSummaryHeaderView.swift */ = {isa = PBXFileReference; lastKnownFileType = sourcecode.swift; path = AccountSummaryHeaderView.swift; sourceTree = "<group>"; };
		EBDB1C0828018F9D006616B4 /* AccountSummaryHeaderView.xib */ = {isa = PBXFileReference; lastKnownFileType = file.xib; path = AccountSummaryHeaderView.xib; sourceTree = "<group>"; };
		EBE7D71028049E0800208E06 /* ShakeyBellView.swift */ = {isa = PBXFileReference; lastKnownFileType = sourcecode.swift; path = ShakeyBellView.swift; sourceTree = "<group>"; };
		EBE7D7122804CA1300208E06 /* Date+Utils.swift */ = {isa = PBXFileReference; lastKnownFileType = sourcecode.swift; path = "Date+Utils.swift"; sourceTree = "<group>"; };
		EBE7D7142805E96500208E06 /* AccountSummaryViewController+Networking.swift */ = {isa = PBXFileReference; lastKnownFileType = sourcecode.swift; path = "AccountSummaryViewController+Networking.swift"; sourceTree = "<group>"; };
		EBE7D718280624C700208E06 /* ProfileTests.swift */ = {isa = PBXFileReference; lastKnownFileType = sourcecode.swift; path = ProfileTests.swift; sourceTree = "<group>"; };
		EBE7D71A2806256600208E06 /* AccountTests.swift */ = {isa = PBXFileReference; lastKnownFileType = sourcecode.swift; path = AccountTests.swift; sourceTree = "<group>"; };
		EBE7D71C28074EF100208E06 /* SkeletonLoadable.swift */ = {isa = PBXFileReference; lastKnownFileType = sourcecode.swift; path = SkeletonLoadable.swift; sourceTree = "<group>"; };
		EBE7D71E2807500F00208E06 /* SkeletonCell.swift */ = {isa = PBXFileReference; lastKnownFileType = sourcecode.swift; path = SkeletonCell.swift; sourceTree = "<group>"; };
		EBE980B227FE17C0002E8B73 /* Financier.app */ = {isa = PBXFileReference; explicitFileType = wrapper.application; includeInIndex = 0; path = Financier.app; sourceTree = BUILT_PRODUCTS_DIR; };
		EBE980B527FE17C0002E8B73 /* AppDelegate.swift */ = {isa = PBXFileReference; lastKnownFileType = sourcecode.swift; path = AppDelegate.swift; sourceTree = "<group>"; };
		EBE980B927FE17C0002E8B73 /* LoginViewController.swift */ = {isa = PBXFileReference; lastKnownFileType = sourcecode.swift; path = LoginViewController.swift; sourceTree = "<group>"; };
		EBE980BE27FE17C3002E8B73 /* Assets.xcassets */ = {isa = PBXFileReference; lastKnownFileType = folder.assetcatalog; path = Assets.xcassets; sourceTree = "<group>"; };
		EBE980C127FE17C3002E8B73 /* Base */ = {isa = PBXFileReference; lastKnownFileType = file.storyboard; name = Base; path = Base.lproj/LaunchScreen.storyboard; sourceTree = "<group>"; };
		EBE980C327FE17C3002E8B73 /* Info.plist */ = {isa = PBXFileReference; lastKnownFileType = text.plist.xml; path = Info.plist; sourceTree = "<group>"; };
		EBE980CB27FE1B65002E8B73 /* LoginView.swift */ = {isa = PBXFileReference; lastKnownFileType = sourcecode.swift; path = LoginView.swift; sourceTree = "<group>"; };
		EBE980CE27FEB16D002E8B73 /* OnboardingContainerViewController.swift */ = {isa = PBXFileReference; lastKnownFileType = sourcecode.swift; path = OnboardingContainerViewController.swift; sourceTree = "<group>"; };
		EBE980D027FF5594002E8B73 /* OnvoardingViewController.swift */ = {isa = PBXFileReference; lastKnownFileType = sourcecode.swift; path = OnvoardingViewController.swift; sourceTree = "<group>"; };
		EBEA50DD2803005800642102 /* FinancierUnitTests.xctest */ = {isa = PBXFileReference; explicitFileType = wrapper.cfbundle; includeInIndex = 0; path = FinancierUnitTests.xctest; sourceTree = BUILT_PRODUCTS_DIR; };
		EBEA50E62803010600642102 /* CurrencyFormatterTests.swift */ = {isa = PBXFileReference; lastKnownFileType = sourcecode.swift; path = CurrencyFormatterTests.swift; sourceTree = "<group>"; };
/* End PBXFileReference section */

/* Begin PBXFrameworksBuildPhase section */
		EBE980AF27FE17C0002E8B73 /* Frameworks */ = {
			isa = PBXFrameworksBuildPhase;
			buildActionMask = 2147483647;
			files = (
			);
			runOnlyForDeploymentPostprocessing = 0;
		};
		EBEA50DA2803005800642102 /* Frameworks */ = {
			isa = PBXFrameworksBuildPhase;
			buildActionMask = 2147483647;
			files = (
			);
			runOnlyForDeploymentPostprocessing = 0;
		};
/* End PBXFrameworksBuildPhase section */

/* Begin PBXGroup section */
		EB9574CE2808BB8D00AAF2DE /* Networking */ = {
			isa = PBXGroup;
			children = (
				EB9574CF2808BBA900AAF2DE /* ProfileManager.swift */,
			);
			path = Networking;
			sourceTree = "<group>";
		};
		EBDAAD0F2802120D0070248F /* Header */ = {
			isa = PBXGroup;
			children = (
				EBDB1C0628018F55006616B4 /* AccountSummaryHeaderView.swift */,
				EBDB1C0828018F9D006616B4 /* AccountSummaryHeaderView.xib */,
			);
			path = Header;
			sourceTree = "<group>";
		};
		EBDAAD102802122E0070248F /* Cells */ = {
			isa = PBXGroup;
			children = (
				EBDAAD11280212550070248F /* AccountSummaryCell.swift */,
				EBE7D71C28074EF100208E06 /* SkeletonLoadable.swift */,
				EBE7D71E2807500F00208E06 /* SkeletonCell.swift */,
			);
			path = Cells;
			sourceTree = "<group>";
		};
		EBDB1BFC27FFFEA8006616B4 /* Utils */ = {
			isa = PBXGroup;
			children = (
				EBDB1BFD27FFFEBE006616B4 /* LocalState.swift */,
				EBDB1C012800DB0C006616B4 /* UIViewController+Utils.swift */,
				EBDAAD132802363E0070248F /* DecimalUtils.swift */,
				EBDAAD15280237CE0070248F /* CurrencyFormatter.swift */,
				EB7D09182803459400F6630D /* NSNotificationName.swift */,
				EB7D091A280348BB00F6630D /* UITextField+SecureToggle.swift */,
				EBE7D7122804CA1300208E06 /* Date+Utils.swift */,
			);
			path = Utils;
			sourceTree = "<group>";
		};
		EBDB1C03280185E7006616B4 /* AccountSummary */ = {
			isa = PBXGroup;
			children = (
				EBDB1C042801860F006616B4 /* AccountSummaryViewController.swift */,
				EBE7D7142805E96500208E06 /* AccountSummaryViewController+Networking.swift */,
				EBDAAD0F2802120D0070248F /* Header */,
				EBDAAD102802122E0070248F /* Cells */,
			);
			path = AccountSummary;
			sourceTree = "<group>";
		};
		EBE7D70F28049DBF00208E06 /* Components */ = {
			isa = PBXGroup;
			children = (
				EBE7D71028049E0800208E06 /* ShakeyBellView.swift */,
			);
			path = Components;
			sourceTree = "<group>";
		};
		EBE7D7162806249A00208E06 /* Utils */ = {
			isa = PBXGroup;
			children = (
				EBEA50E62803010600642102 /* CurrencyFormatterTests.swift */,
			);
			path = Utils;
			sourceTree = "<group>";
		};
		EBE7D717280624A900208E06 /* AccountSummary */ = {
			isa = PBXGroup;
			children = (
				EBE7D718280624C700208E06 /* ProfileTests.swift */,
				EBE7D71A2806256600208E06 /* AccountTests.swift */,
				EB9574D12808BDE900AAF2DE /* AccountSummaryViewControllerTest.swift */,
			);
			path = AccountSummary;
			sourceTree = "<group>";
		};
		EBE980A927FE17C0002E8B73 = {
			isa = PBXGroup;
			children = (
				EBE980B427FE17C0002E8B73 /* Financier */,
				EBEA50DE2803005800642102 /* FinancierUnitTests */,
				EBE980B327FE17C0002E8B73 /* Products */,
			);
			sourceTree = "<group>";
		};
		EBE980B327FE17C0002E8B73 /* Products */ = {
			isa = PBXGroup;
			children = (
				EBE980B227FE17C0002E8B73 /* Financier.app */,
				EBEA50DD2803005800642102 /* FinancierUnitTests.xctest */,
			);
			name = Products;
			sourceTree = "<group>";
		};
		EBE980B427FE17C0002E8B73 /* Financier */ = {
			isa = PBXGroup;
			children = (
				EBE980B527FE17C0002E8B73 /* AppDelegate.swift */,
				EBDB1BFF2800D171006616B4 /* MainViewController.swift */,
				EBE980CA27FE1B3E002E8B73 /* Login */,
				EBE980CD27FEB145002E8B73 /* Onboarding */,
				EBDB1C03280185E7006616B4 /* AccountSummary */,
				EB9574CE2808BB8D00AAF2DE /* Networking */,
				EBE980C927FE1AF6002E8B73 /* Files */,
				EBE7D70F28049DBF00208E06 /* Components */,
				EBDB1BFC27FFFEA8006616B4 /* Utils */,
			);
			path = Financier;
			sourceTree = "<group>";
		};
		EBE980C927FE1AF6002E8B73 /* Files */ = {
			isa = PBXGroup;
			children = (
				EBE980BE27FE17C3002E8B73 /* Assets.xcassets */,
				EBE980C027FE17C3002E8B73 /* LaunchScreen.storyboard */,
				EBE980C327FE17C3002E8B73 /* Info.plist */,
			);
			name = Files;
			sourceTree = "<group>";
		};
		EBE980CA27FE1B3E002E8B73 /* Login */ = {
			isa = PBXGroup;
			children = (
				EBE980B927FE17C0002E8B73 /* LoginViewController.swift */,
				EBE980CB27FE1B65002E8B73 /* LoginView.swift */,
				EBDB1BFA27FF8A3E006616B4 /* DummyViewController.swift */,
			);
			path = Login;
			sourceTree = "<group>";
		};
		EBE980CD27FEB145002E8B73 /* Onboarding */ = {
			isa = PBXGroup;
			children = (
				EBE980CE27FEB16D002E8B73 /* OnboardingContainerViewController.swift */,
				EBE980D027FF5594002E8B73 /* OnvoardingViewController.swift */,
			);
			path = Onboarding;
			sourceTree = "<group>";
		};
		EBEA50DE2803005800642102 /* FinancierUnitTests */ = {
			isa = PBXGroup;
			children = (
				EBE7D717280624A900208E06 /* AccountSummary */,
				EBE7D7162806249A00208E06 /* Utils */,
			);
			path = FinancierUnitTests;
			sourceTree = "<group>";
		};
/* End PBXGroup section */

/* Begin PBXNativeTarget section */
		EBE980B127FE17C0002E8B73 /* Financier */ = {
			isa = PBXNativeTarget;
			buildConfigurationList = EBE980C627FE17C3002E8B73 /* Build configuration list for PBXNativeTarget "Financier" */;
			buildPhases = (
				EBE980AE27FE17C0002E8B73 /* Sources */,
				EBE980AF27FE17C0002E8B73 /* Frameworks */,
				EBE980B027FE17C0002E8B73 /* Resources */,
			);
			buildRules = (
			);
			dependencies = (
			);
			name = Financier;
			productName = Financier;
			productReference = EBE980B227FE17C0002E8B73 /* Financier.app */;
			productType = "com.apple.product-type.application";
		};
		EBEA50DC2803005800642102 /* FinancierUnitTests */ = {
			isa = PBXNativeTarget;
			buildConfigurationList = EBEA50E52803005800642102 /* Build configuration list for PBXNativeTarget "FinancierUnitTests" */;
			buildPhases = (
				EBEA50D92803005800642102 /* Sources */,
				EBEA50DA2803005800642102 /* Frameworks */,
				EBEA50DB2803005800642102 /* Resources */,
			);
			buildRules = (
			);
			dependencies = (
				EBEA50E22803005800642102 /* PBXTargetDependency */,
			);
			name = FinancierUnitTests;
			productName = FinancierUnitTests;
			productReference = EBEA50DD2803005800642102 /* FinancierUnitTests.xctest */;
			productType = "com.apple.product-type.bundle.unit-test";
		};
/* End PBXNativeTarget section */

/* Begin PBXProject section */
		EBE980AA27FE17C0002E8B73 /* Project object */ = {
			isa = PBXProject;
			attributes = {
				BuildIndependentTargetsInParallel = 1;
				LastSwiftUpdateCheck = 1330;
				LastUpgradeCheck = 1330;
				TargetAttributes = {
					EBE980B127FE17C0002E8B73 = {
						CreatedOnToolsVersion = 13.3;
					};
					EBEA50DC2803005800642102 = {
						CreatedOnToolsVersion = 13.3;
						LastSwiftMigration = 1330;
						TestTargetID = EBE980B127FE17C0002E8B73;
					};
				};
			};
			buildConfigurationList = EBE980AD27FE17C0002E8B73 /* Build configuration list for PBXProject "Financier" */;
			compatibilityVersion = "Xcode 13.0";
			developmentRegion = en;
			hasScannedForEncodings = 0;
			knownRegions = (
				en,
				Base,
			);
			mainGroup = EBE980A927FE17C0002E8B73;
			productRefGroup = EBE980B327FE17C0002E8B73 /* Products */;
			projectDirPath = "";
			projectRoot = "";
			targets = (
				EBE980B127FE17C0002E8B73 /* Financier */,
				EBEA50DC2803005800642102 /* FinancierUnitTests */,
			);
		};
/* End PBXProject section */

/* Begin PBXResourcesBuildPhase section */
		EBE980B027FE17C0002E8B73 /* Resources */ = {
			isa = PBXResourcesBuildPhase;
			buildActionMask = 2147483647;
			files = (
				EBDB1C0928018F9D006616B4 /* AccountSummaryHeaderView.xib in Resources */,
				EBE980C227FE17C3002E8B73 /* LaunchScreen.storyboard in Resources */,
				EBE980BF27FE17C3002E8B73 /* Assets.xcassets in Resources */,
			);
			runOnlyForDeploymentPostprocessing = 0;
		};
		EBEA50DB2803005800642102 /* Resources */ = {
			isa = PBXResourcesBuildPhase;
			buildActionMask = 2147483647;
			files = (
			);
			runOnlyForDeploymentPostprocessing = 0;
		};
/* End PBXResourcesBuildPhase section */

/* Begin PBXSourcesBuildPhase section */
		EBE980AE27FE17C0002E8B73 /* Sources */ = {
			isa = PBXSourcesBuildPhase;
			buildActionMask = 2147483647;
			files = (
				EBE980CC27FE1B65002E8B73 /* LoginView.swift in Sources */,
				EBE7D71F2807500F00208E06 /* SkeletonCell.swift in Sources */,
				EBE7D7132804CA1300208E06 /* Date+Utils.swift in Sources */,
				EB9574D02808BBA900AAF2DE /* ProfileManager.swift in Sources */,
				EBDB1BFE27FFFEBE006616B4 /* LocalState.swift in Sources */,
				EBDB1C022800DB0C006616B4 /* UIViewController+Utils.swift in Sources */,
				EBDAAD142802363E0070248F /* DecimalUtils.swift in Sources */,
				EB7D091B280348BB00F6630D /* UITextField+SecureToggle.swift in Sources */,
				EBDB1C0728018F56006616B4 /* AccountSummaryHeaderView.swift in Sources */,
				EBDAAD16280237CF0070248F /* CurrencyFormatter.swift in Sources */,
				EBDB1BFB27FF8A3E006616B4 /* DummyViewController.swift in Sources */,
				EB7D09192803459400F6630D /* NSNotificationName.swift in Sources */,
				EBE980BA27FE17C0002E8B73 /* LoginViewController.swift in Sources */,
				EBE7D71128049E0800208E06 /* ShakeyBellView.swift in Sources */,
				EBDAAD12280212550070248F /* AccountSummaryCell.swift in Sources */,
				EBE980B627FE17C0002E8B73 /* AppDelegate.swift in Sources */,
				EBE980D127FF5594002E8B73 /* OnvoardingViewController.swift in Sources */,
				EBDB1C052801860F006616B4 /* AccountSummaryViewController.swift in Sources */,
				EBE980CF27FEB16D002E8B73 /* OnboardingContainerViewController.swift in Sources */,
				EBDB1C002800D171006616B4 /* MainViewController.swift in Sources */,
				EBE7D71D28074EF100208E06 /* SkeletonLoadable.swift in Sources */,
				EBE7D7152805E96500208E06 /* AccountSummaryViewController+Networking.swift in Sources */,
			);
			runOnlyForDeploymentPostprocessing = 0;
		};
		EBEA50D92803005800642102 /* Sources */ = {
			isa = PBXSourcesBuildPhase;
			buildActionMask = 2147483647;
			files = (
				EBEA50E72803010600642102 /* CurrencyFormatterTests.swift in Sources */,
				EBE7D71B2806256600208E06 /* AccountTests.swift in Sources */,
				EBE7D719280624C700208E06 /* ProfileTests.swift in Sources */,
				EB9574D22808BDE900AAF2DE /* AccountSummaryViewControllerTest.swift in Sources */,
			);
			runOnlyForDeploymentPostprocessing = 0;
		};
/* End PBXSourcesBuildPhase section */

/* Begin PBXTargetDependency section */
		EBEA50E22803005800642102 /* PBXTargetDependency */ = {
			isa = PBXTargetDependency;
			target = EBE980B127FE17C0002E8B73 /* Financier */;
			targetProxy = EBEA50E12803005800642102 /* PBXContainerItemProxy */;
		};
/* End PBXTargetDependency section */

/* Begin PBXVariantGroup section */
		EBE980C027FE17C3002E8B73 /* LaunchScreen.storyboard */ = {
			isa = PBXVariantGroup;
			children = (
				EBE980C127FE17C3002E8B73 /* Base */,
			);
			name = LaunchScreen.storyboard;
			sourceTree = "<group>";
		};
/* End PBXVariantGroup section */

/* Begin XCBuildConfiguration section */
		EBE980C427FE17C3002E8B73 /* Debug */ = {
			isa = XCBuildConfiguration;
			buildSettings = {
				ALWAYS_SEARCH_USER_PATHS = NO;
				CLANG_ANALYZER_NONNULL = YES;
				CLANG_ANALYZER_NUMBER_OBJECT_CONVERSION = YES_AGGRESSIVE;
				CLANG_CXX_LANGUAGE_STANDARD = "gnu++17";
				CLANG_ENABLE_MODULES = YES;
				CLANG_ENABLE_OBJC_ARC = YES;
				CLANG_ENABLE_OBJC_WEAK = YES;
				CLANG_WARN_BLOCK_CAPTURE_AUTORELEASING = YES;
				CLANG_WARN_BOOL_CONVERSION = YES;
				CLANG_WARN_COMMA = YES;
				CLANG_WARN_CONSTANT_CONVERSION = YES;
				CLANG_WARN_DEPRECATED_OBJC_IMPLEMENTATIONS = YES;
				CLANG_WARN_DIRECT_OBJC_ISA_USAGE = YES_ERROR;
				CLANG_WARN_DOCUMENTATION_COMMENTS = YES;
				CLANG_WARN_EMPTY_BODY = YES;
				CLANG_WARN_ENUM_CONVERSION = YES;
				CLANG_WARN_INFINITE_RECURSION = YES;
				CLANG_WARN_INT_CONVERSION = YES;
				CLANG_WARN_NON_LITERAL_NULL_CONVERSION = YES;
				CLANG_WARN_OBJC_IMPLICIT_RETAIN_SELF = YES;
				CLANG_WARN_OBJC_LITERAL_CONVERSION = YES;
				CLANG_WARN_OBJC_ROOT_CLASS = YES_ERROR;
				CLANG_WARN_QUOTED_INCLUDE_IN_FRAMEWORK_HEADER = YES;
				CLANG_WARN_RANGE_LOOP_ANALYSIS = YES;
				CLANG_WARN_STRICT_PROTOTYPES = YES;
				CLANG_WARN_SUSPICIOUS_MOVE = YES;
				CLANG_WARN_UNGUARDED_AVAILABILITY = YES_AGGRESSIVE;
				CLANG_WARN_UNREACHABLE_CODE = YES;
				CLANG_WARN__DUPLICATE_METHOD_MATCH = YES;
				COPY_PHASE_STRIP = NO;
				DEBUG_INFORMATION_FORMAT = dwarf;
				ENABLE_STRICT_OBJC_MSGSEND = YES;
				ENABLE_TESTABILITY = YES;
				GCC_C_LANGUAGE_STANDARD = gnu11;
				GCC_DYNAMIC_NO_PIC = NO;
				GCC_NO_COMMON_BLOCKS = YES;
				GCC_OPTIMIZATION_LEVEL = 0;
				GCC_PREPROCESSOR_DEFINITIONS = (
					"DEBUG=1",
					"$(inherited)",
				);
				GCC_WARN_64_TO_32_BIT_CONVERSION = YES;
				GCC_WARN_ABOUT_RETURN_TYPE = YES_ERROR;
				GCC_WARN_UNDECLARED_SELECTOR = YES;
				GCC_WARN_UNINITIALIZED_AUTOS = YES_AGGRESSIVE;
				GCC_WARN_UNUSED_FUNCTION = YES;
				GCC_WARN_UNUSED_VARIABLE = YES;
				IPHONEOS_DEPLOYMENT_TARGET = 15.4;
				MTL_ENABLE_DEBUG_INFO = INCLUDE_SOURCE;
				MTL_FAST_MATH = YES;
				ONLY_ACTIVE_ARCH = YES;
				SDKROOT = iphoneos;
				SWIFT_ACTIVE_COMPILATION_CONDITIONS = DEBUG;
				SWIFT_OPTIMIZATION_LEVEL = "-Onone";
			};
			name = Debug;
		};
		EBE980C527FE17C3002E8B73 /* Release */ = {
			isa = XCBuildConfiguration;
			buildSettings = {
				ALWAYS_SEARCH_USER_PATHS = NO;
				CLANG_ANALYZER_NONNULL = YES;
				CLANG_ANALYZER_NUMBER_OBJECT_CONVERSION = YES_AGGRESSIVE;
				CLANG_CXX_LANGUAGE_STANDARD = "gnu++17";
				CLANG_ENABLE_MODULES = YES;
				CLANG_ENABLE_OBJC_ARC = YES;
				CLANG_ENABLE_OBJC_WEAK = YES;
				CLANG_WARN_BLOCK_CAPTURE_AUTORELEASING = YES;
				CLANG_WARN_BOOL_CONVERSION = YES;
				CLANG_WARN_COMMA = YES;
				CLANG_WARN_CONSTANT_CONVERSION = YES;
				CLANG_WARN_DEPRECATED_OBJC_IMPLEMENTATIONS = YES;
				CLANG_WARN_DIRECT_OBJC_ISA_USAGE = YES_ERROR;
				CLANG_WARN_DOCUMENTATION_COMMENTS = YES;
				CLANG_WARN_EMPTY_BODY = YES;
				CLANG_WARN_ENUM_CONVERSION = YES;
				CLANG_WARN_INFINITE_RECURSION = YES;
				CLANG_WARN_INT_CONVERSION = YES;
				CLANG_WARN_NON_LITERAL_NULL_CONVERSION = YES;
				CLANG_WARN_OBJC_IMPLICIT_RETAIN_SELF = YES;
				CLANG_WARN_OBJC_LITERAL_CONVERSION = YES;
				CLANG_WARN_OBJC_ROOT_CLASS = YES_ERROR;
				CLANG_WARN_QUOTED_INCLUDE_IN_FRAMEWORK_HEADER = YES;
				CLANG_WARN_RANGE_LOOP_ANALYSIS = YES;
				CLANG_WARN_STRICT_PROTOTYPES = YES;
				CLANG_WARN_SUSPICIOUS_MOVE = YES;
				CLANG_WARN_UNGUARDED_AVAILABILITY = YES_AGGRESSIVE;
				CLANG_WARN_UNREACHABLE_CODE = YES;
				CLANG_WARN__DUPLICATE_METHOD_MATCH = YES;
				COPY_PHASE_STRIP = NO;
				DEBUG_INFORMATION_FORMAT = "dwarf-with-dsym";
				ENABLE_NS_ASSERTIONS = NO;
				ENABLE_STRICT_OBJC_MSGSEND = YES;
				GCC_C_LANGUAGE_STANDARD = gnu11;
				GCC_NO_COMMON_BLOCKS = YES;
				GCC_WARN_64_TO_32_BIT_CONVERSION = YES;
				GCC_WARN_ABOUT_RETURN_TYPE = YES_ERROR;
				GCC_WARN_UNDECLARED_SELECTOR = YES;
				GCC_WARN_UNINITIALIZED_AUTOS = YES_AGGRESSIVE;
				GCC_WARN_UNUSED_FUNCTION = YES;
				GCC_WARN_UNUSED_VARIABLE = YES;
				IPHONEOS_DEPLOYMENT_TARGET = 15.4;
				MTL_ENABLE_DEBUG_INFO = NO;
				MTL_FAST_MATH = YES;
				SDKROOT = iphoneos;
				SWIFT_COMPILATION_MODE = wholemodule;
				SWIFT_OPTIMIZATION_LEVEL = "-O";
				VALIDATE_PRODUCT = YES;
			};
			name = Release;
		};
		EBE980C727FE17C3002E8B73 /* Debug */ = {
			isa = XCBuildConfiguration;
			buildSettings = {
				ASSETCATALOG_COMPILER_APPICON_NAME = AppIcon;
				ASSETCATALOG_COMPILER_GLOBAL_ACCENT_COLOR_NAME = AccentColor;
				CODE_SIGN_STYLE = Automatic;
				CURRENT_PROJECT_VERSION = 1;
				DEVELOPMENT_TEAM = 3672SHQUYV;
				GENERATE_INFOPLIST_FILE = YES;
				INFOPLIST_FILE = Financier/Info.plist;
				INFOPLIST_KEY_UIApplicationSupportsIndirectInputEvents = YES;
				INFOPLIST_KEY_UILaunchStoryboardName = LaunchScreen;
				INFOPLIST_KEY_UISupportedInterfaceOrientations_iPad = "UIInterfaceOrientationPortrait UIInterfaceOrientationPortraitUpsideDown UIInterfaceOrientationLandscapeLeft UIInterfaceOrientationLandscapeRight";
				INFOPLIST_KEY_UISupportedInterfaceOrientations_iPhone = "UIInterfaceOrientationPortrait UIInterfaceOrientationLandscapeLeft UIInterfaceOrientationLandscapeRight";
				LD_RUNPATH_SEARCH_PATHS = (
					"$(inherited)",
					"@executable_path/Frameworks",
				);
				MARKETING_VERSION = 1.0;
				PRODUCT_BUNDLE_IDENTIFIER = astat.Financier;
				PRODUCT_NAME = "$(TARGET_NAME)";
				SWIFT_EMIT_LOC_STRINGS = YES;
				SWIFT_VERSION = 5.0;
				TARGETED_DEVICE_FAMILY = "1,2";
			};
			name = Debug;
		};
		EBE980C827FE17C3002E8B73 /* Release */ = {
			isa = XCBuildConfiguration;
			buildSettings = {
				ASSETCATALOG_COMPILER_APPICON_NAME = AppIcon;
				ASSETCATALOG_COMPILER_GLOBAL_ACCENT_COLOR_NAME = AccentColor;
				CODE_SIGN_STYLE = Automatic;
				CURRENT_PROJECT_VERSION = 1;
				DEVELOPMENT_TEAM = 3672SHQUYV;
				GENERATE_INFOPLIST_FILE = YES;
				INFOPLIST_FILE = Financier/Info.plist;
				INFOPLIST_KEY_UIApplicationSupportsIndirectInputEvents = YES;
				INFOPLIST_KEY_UILaunchStoryboardName = LaunchScreen;
				INFOPLIST_KEY_UISupportedInterfaceOrientations_iPad = "UIInterfaceOrientationPortrait UIInterfaceOrientationPortraitUpsideDown UIInterfaceOrientationLandscapeLeft UIInterfaceOrientationLandscapeRight";
				INFOPLIST_KEY_UISupportedInterfaceOrientations_iPhone = "UIInterfaceOrientationPortrait UIInterfaceOrientationLandscapeLeft UIInterfaceOrientationLandscapeRight";
				LD_RUNPATH_SEARCH_PATHS = (
					"$(inherited)",
					"@executable_path/Frameworks",
				);
				MARKETING_VERSION = 1.0;
				PRODUCT_BUNDLE_IDENTIFIER = astat.Financier;
				PRODUCT_NAME = "$(TARGET_NAME)";
				SWIFT_EMIT_LOC_STRINGS = YES;
				SWIFT_VERSION = 5.0;
				TARGETED_DEVICE_FAMILY = "1,2";
			};
			name = Release;
		};
		EBEA50E32803005800642102 /* Debug */ = {
			isa = XCBuildConfiguration;
			buildSettings = {
				BUNDLE_LOADER = "$(TEST_HOST)";
				CLANG_ENABLE_MODULES = YES;
				CODE_SIGN_STYLE = Automatic;
				CURRENT_PROJECT_VERSION = 1;
				DEVELOPMENT_TEAM = 3672SHQUYV;
				GENERATE_INFOPLIST_FILE = YES;
				LD_RUNPATH_SEARCH_PATHS = (
					"$(inherited)",
					"@executable_path/Frameworks",
					"@loader_path/Frameworks",
				);
				MARKETING_VERSION = 1.0;
				PRODUCT_BUNDLE_IDENTIFIER = astat.FinancierUnitTests;
				PRODUCT_NAME = "$(TARGET_NAME)";
				SWIFT_EMIT_LOC_STRINGS = NO;
				SWIFT_OPTIMIZATION_LEVEL = "-Onone";
				SWIFT_VERSION = 5.0;
				TARGETED_DEVICE_FAMILY = "1,2";
				TEST_HOST = "$(BUILT_PRODUCTS_DIR)/Financier.app/Financier";
			};
			name = Debug;
		};
		EBEA50E42803005800642102 /* Release */ = {
			isa = XCBuildConfiguration;
			buildSettings = {
				BUNDLE_LOADER = "$(TEST_HOST)";
				CLANG_ENABLE_MODULES = YES;
				CODE_SIGN_STYLE = Automatic;
				CURRENT_PROJECT_VERSION = 1;
				DEVELOPMENT_TEAM = 3672SHQUYV;
				GENERATE_INFOPLIST_FILE = YES;
				LD_RUNPATH_SEARCH_PATHS = (
					"$(inherited)",
					"@executable_path/Frameworks",
					"@loader_path/Frameworks",
				);
				MARKETING_VERSION = 1.0;
				PRODUCT_BUNDLE_IDENTIFIER = astat.FinancierUnitTests;
				PRODUCT_NAME = "$(TARGET_NAME)";
				SWIFT_EMIT_LOC_STRINGS = NO;
				SWIFT_VERSION = 5.0;
				TARGETED_DEVICE_FAMILY = "1,2";
				TEST_HOST = "$(BUILT_PRODUCTS_DIR)/Financier.app/Financier";
			};
			name = Release;
		};
/* End XCBuildConfiguration section */

/* Begin XCConfigurationList section */
		EBE980AD27FE17C0002E8B73 /* Build configuration list for PBXProject "Financier" */ = {
			isa = XCConfigurationList;
			buildConfigurations = (
				EBE980C427FE17C3002E8B73 /* Debug */,
				EBE980C527FE17C3002E8B73 /* Release */,
			);
			defaultConfigurationIsVisible = 0;
			defaultConfigurationName = Release;
		};
		EBE980C627FE17C3002E8B73 /* Build configuration list for PBXNativeTarget "Financier" */ = {
			isa = XCConfigurationList;
			buildConfigurations = (
				EBE980C727FE17C3002E8B73 /* Debug */,
				EBE980C827FE17C3002E8B73 /* Release */,
			);
			defaultConfigurationIsVisible = 0;
			defaultConfigurationName = Release;
		};
		EBEA50E52803005800642102 /* Build configuration list for PBXNativeTarget "FinancierUnitTests" */ = {
			isa = XCConfigurationList;
			buildConfigurations = (
				EBEA50E32803005800642102 /* Debug */,
				EBEA50E42803005800642102 /* Release */,
			);
			defaultConfigurationIsVisible = 0;
			defaultConfigurationName = Release;
		};
/* End XCConfigurationList section */
	};
	rootObject = EBE980AA27FE17C0002E8B73 /* Project object */;
}
